
Microsoft Visual Studio Solution File, Format Version 12.00
# Visual Studio 15
VisualStudioVersion = 15.0.27004.2009
MinimumVisualStudioVersion = 10.0.40219.1
Project("{FAE04EC0-301F-11D3-BF4B-00C04F79EFBC}") = "VisualRdseed", "VisualRdseed\VisualRdseed.csproj", "{FE98D2B8-4258-4D94-94DD-C200640B9637}"
EndProject
Global
	GlobalSection(SolutionConfigurationPlatforms) = preSolution
		Debug|x86 = Debug|x86
		Release|x86 = Release|x86
	EndGlobalSection
	GlobalSection(ProjectConfigurationPlatforms) = postSolution
		{FE98D2B8-4258-4D94-94DD-C200640B9637}.Debug|x86.ActiveCfg = Debug|x86
		{FE98D2B8-4258-4D94-94DD-C200640B9637}.Debug|x86.Build.0 = Debug|x86
		{FE98D2B8-4258-4D94-94DD-C200640B9637}.Release|x86.ActiveCfg = Release|x86
		{FE98D2B8-4258-4D94-94DD-C200640B9637}.Release|x86.Build.0 = Release|x86
	EndGlobalSection
	GlobalSection(SolutionProperties) = preSolution
		HideSolutionNode = FALSE
	EndGlobalSection
	GlobalSection(ExtensibilityGlobals) = postSolution
		SolutionGuid = {08F46124-8282-4638-9402-D448919EA6BE}
	EndGlobalSection
EndGlobal
